// !$*UTF8*$!
{
	archiveVersion = 1;
	classes = {
	};
	objectVersion = 55;
	objects = {

/* Begin PBXBuildFile section */
		1F92AD5527389F5100FD830E /* AppDelegate.swift in Sources */ = {isa = PBXBuildFile; fileRef = 1F92AD5427389F5100FD830E /* AppDelegate.swift */; };
		1F92AD5727389F5100FD830E /* SceneDelegate.swift in Sources */ = {isa = PBXBuildFile; fileRef = 1F92AD5627389F5100FD830E /* SceneDelegate.swift */; };
		1F92AD5927389F5100FD830E /* HomeViewController.swift in Sources */ = {isa = PBXBuildFile; fileRef = 1F92AD5827389F5100FD830E /* HomeViewController.swift */; };
		1F92AD5E27389F5300FD830E /* Assets.xcassets in Resources */ = {isa = PBXBuildFile; fileRef = 1F92AD5D27389F5300FD830E /* Assets.xcassets */; };
		1F92AD6127389F5300FD830E /* LaunchScreen.storyboard in Resources */ = {isa = PBXBuildFile; fileRef = 1F92AD5F27389F5300FD830E /* LaunchScreen.storyboard */; };
		1F92AD6C27389F5300FD830E /* TikTokCloneTests.swift in Sources */ = {isa = PBXBuildFile; fileRef = 1F92AD6B27389F5300FD830E /* TikTokCloneTests.swift */; };
		1F92AD7627389F5300FD830E /* TikTokCloneUITests.swift in Sources */ = {isa = PBXBuildFile; fileRef = 1F92AD7527389F5300FD830E /* TikTokCloneUITests.swift */; };
		1F92AD7827389F5300FD830E /* TikTokCloneUITestsLaunchTests.swift in Sources */ = {isa = PBXBuildFile; fileRef = 1F92AD7727389F5300FD830E /* TikTokCloneUITestsLaunchTests.swift */; };
		1F92AD8E2738AC3B00FD830E /* ExploreViewController.swift in Sources */ = {isa = PBXBuildFile; fileRef = 1F92AD8D2738AC3B00FD830E /* ExploreViewController.swift */; };
		1F92AD902738AC4C00FD830E /* CameraViewController.swift in Sources */ = {isa = PBXBuildFile; fileRef = 1F92AD8F2738AC4C00FD830E /* CameraViewController.swift */; };
		1F92AD922738AC5B00FD830E /* NotificationsViewController.swift in Sources */ = {isa = PBXBuildFile; fileRef = 1F92AD912738AC5B00FD830E /* NotificationsViewController.swift */; };
		1F92AD942738AC6600FD830E /* ProfileViewController.swift in Sources */ = {isa = PBXBuildFile; fileRef = 1F92AD932738AC6600FD830E /* ProfileViewController.swift */; };
		1F92AD962738AC7D00FD830E /* UserListViewController.swift in Sources */ = {isa = PBXBuildFile; fileRef = 1F92AD952738AC7D00FD830E /* UserListViewController.swift */; };
		1F92AD982738AC9200FD830E /* SignInViewController.swift in Sources */ = {isa = PBXBuildFile; fileRef = 1F92AD972738AC9200FD830E /* SignInViewController.swift */; };
		1F92AD9A2738ACA500FD830E /* SignUpViewController.swift in Sources */ = {isa = PBXBuildFile; fileRef = 1F92AD992738ACA500FD830E /* SignUpViewController.swift */; };
		1F92AD9C2738AD0000FD830E /* SettingsViewController.swift in Sources */ = {isa = PBXBuildFile; fileRef = 1F92AD9B2738AD0000FD830E /* SettingsViewController.swift */; };
		1F92AD9E2738AD1A00FD830E /* TabBarViewController.swift in Sources */ = {isa = PBXBuildFile; fileRef = 1F92AD9D2738AD1A00FD830E /* TabBarViewController.swift */; };
		1F92ADA22738AD6A00FD830E /* PostViewController.swift in Sources */ = {isa = PBXBuildFile; fileRef = 1F92ADA12738AD6A00FD830E /* PostViewController.swift */; };
		1F92ADA42738ADE800FD830E /* APICaller.swift in Sources */ = {isa = PBXBuildFile; fileRef = 1F92ADA32738ADE800FD830E /* APICaller.swift */; };
		1F92ADA62738ADF500FD830E /* StoreManager.swift in Sources */ = {isa = PBXBuildFile; fileRef = 1F92ADA52738ADF500FD830E /* StoreManager.swift */; };
		1F92ADA82738B1DE00FD830E /* DatabaseManager.swift in Sources */ = {isa = PBXBuildFile; fileRef = 1F92ADA72738B1DE00FD830E /* DatabaseManager.swift */; };
		1F92ADAA2738B1F300FD830E /* AuthenticationManager.swift in Sources */ = {isa = PBXBuildFile; fileRef = 1F92ADA92738B1F300FD830E /* AuthenticationManager.swift */; };
		1F92ADAC2738B21000FD830E /* HapticsManager.swift in Sources */ = {isa = PBXBuildFile; fileRef = 1F92ADAB2738B21000FD830E /* HapticsManager.swift */; };
		1F92ADAE2738B64D00FD830E /* GoogleService-Info.plist in Resources */ = {isa = PBXBuildFile; fileRef = 1F92ADAD2738B64D00FD830E /* GoogleService-Info.plist */; };
		2D260396FD2F01026B30C1FD /* Pods_TikTokClone_TikTokCloneUITests.framework in Frameworks */ = {isa = PBXBuildFile; fileRef = C1A434544EBBA79396EAA831 /* Pods_TikTokClone_TikTokCloneUITests.framework */; };
		8D8D124CAC0CC36B87766C00 /* Pods_TikTokClone.framework in Frameworks */ = {isa = PBXBuildFile; fileRef = 64FCEFF42449486E8F6C42F9 /* Pods_TikTokClone.framework */; };
		ADCA92B4647ACD36757C85A3 /* Pods_TikTokCloneTests.framework in Frameworks */ = {isa = PBXBuildFile; fileRef = EC1C5DF55931E5792FC3AA0C /* Pods_TikTokCloneTests.framework */; };
/* End PBXBuildFile section */

/* Begin PBXContainerItemProxy section */
		1F92AD6827389F5300FD830E /* PBXContainerItemProxy */ = {
			isa = PBXContainerItemProxy;
			containerPortal = 1F92AD4927389F5100FD830E /* Project object */;
			proxyType = 1;
			remoteGlobalIDString = 1F92AD5027389F5100FD830E;
			remoteInfo = TikTokClone;
		};
		1F92AD7227389F5300FD830E /* PBXContainerItemProxy */ = {
			isa = PBXContainerItemProxy;
			containerPortal = 1F92AD4927389F5100FD830E /* Project object */;
			proxyType = 1;
			remoteGlobalIDString = 1F92AD5027389F5100FD830E;
			remoteInfo = TikTokClone;
		};
/* End PBXContainerItemProxy section */

/* Begin PBXFileReference section */
		1F92AD5127389F5100FD830E /* TikTokClone.app */ = {isa = PBXFileReference; explicitFileType = wrapper.application; includeInIndex = 0; path = TikTokClone.app; sourceTree = BUILT_PRODUCTS_DIR; };
		1F92AD5427389F5100FD830E /* AppDelegate.swift */ = {isa = PBXFileReference; lastKnownFileType = sourcecode.swift; path = AppDelegate.swift; sourceTree = "<group>"; };
		1F92AD5627389F5100FD830E /* SceneDelegate.swift */ = {isa = PBXFileReference; lastKnownFileType = sourcecode.swift; path = SceneDelegate.swift; sourceTree = "<group>"; };
		1F92AD5827389F5100FD830E /* HomeViewController.swift */ = {isa = PBXFileReference; lastKnownFileType = sourcecode.swift; path = HomeViewController.swift; sourceTree = "<group>"; };
		1F92AD5D27389F5300FD830E /* Assets.xcassets */ = {isa = PBXFileReference; lastKnownFileType = folder.assetcatalog; path = Assets.xcassets; sourceTree = "<group>"; };
		1F92AD6027389F5300FD830E /* Base */ = {isa = PBXFileReference; lastKnownFileType = file.storyboard; name = Base; path = Base.lproj/LaunchScreen.storyboard; sourceTree = "<group>"; };
		1F92AD6227389F5300FD830E /* Info.plist */ = {isa = PBXFileReference; lastKnownFileType = text.plist.xml; path = Info.plist; sourceTree = "<group>"; };
		1F92AD6727389F5300FD830E /* TikTokCloneTests.xctest */ = {isa = PBXFileReference; explicitFileType = wrapper.cfbundle; includeInIndex = 0; path = TikTokCloneTests.xctest; sourceTree = BUILT_PRODUCTS_DIR; };
		1F92AD6B27389F5300FD830E /* TikTokCloneTests.swift */ = {isa = PBXFileReference; lastKnownFileType = sourcecode.swift; path = TikTokCloneTests.swift; sourceTree = "<group>"; };
		1F92AD7127389F5300FD830E /* TikTokCloneUITests.xctest */ = {isa = PBXFileReference; explicitFileType = wrapper.cfbundle; includeInIndex = 0; path = TikTokCloneUITests.xctest; sourceTree = BUILT_PRODUCTS_DIR; };
		1F92AD7527389F5300FD830E /* TikTokCloneUITests.swift */ = {isa = PBXFileReference; lastKnownFileType = sourcecode.swift; path = TikTokCloneUITests.swift; sourceTree = "<group>"; };
		1F92AD7727389F5300FD830E /* TikTokCloneUITestsLaunchTests.swift */ = {isa = PBXFileReference; lastKnownFileType = sourcecode.swift; path = TikTokCloneUITestsLaunchTests.swift; sourceTree = "<group>"; };
		1F92AD8D2738AC3B00FD830E /* ExploreViewController.swift */ = {isa = PBXFileReference; lastKnownFileType = sourcecode.swift; path = ExploreViewController.swift; sourceTree = "<group>"; };
		1F92AD8F2738AC4C00FD830E /* CameraViewController.swift */ = {isa = PBXFileReference; lastKnownFileType = sourcecode.swift; path = CameraViewController.swift; sourceTree = "<group>"; };
		1F92AD912738AC5B00FD830E /* NotificationsViewController.swift */ = {isa = PBXFileReference; lastKnownFileType = sourcecode.swift; path = NotificationsViewController.swift; sourceTree = "<group>"; };
		1F92AD932738AC6600FD830E /* ProfileViewController.swift */ = {isa = PBXFileReference; lastKnownFileType = sourcecode.swift; path = ProfileViewController.swift; sourceTree = "<group>"; };
		1F92AD952738AC7D00FD830E /* UserListViewController.swift */ = {isa = PBXFileReference; lastKnownFileType = sourcecode.swift; path = UserListViewController.swift; sourceTree = "<group>"; };
		1F92AD972738AC9200FD830E /* SignInViewController.swift */ = {isa = PBXFileReference; lastKnownFileType = sourcecode.swift; path = SignInViewController.swift; sourceTree = "<group>"; };
		1F92AD992738ACA500FD830E /* SignUpViewController.swift */ = {isa = PBXFileReference; lastKnownFileType = sourcecode.swift; path = SignUpViewController.swift; sourceTree = "<group>"; };
		1F92AD9B2738AD0000FD830E /* SettingsViewController.swift */ = {isa = PBXFileReference; lastKnownFileType = sourcecode.swift; path = SettingsViewController.swift; sourceTree = "<group>"; };
		1F92AD9D2738AD1A00FD830E /* TabBarViewController.swift */ = {isa = PBXFileReference; lastKnownFileType = sourcecode.swift; path = TabBarViewController.swift; sourceTree = "<group>"; };
		1F92ADA12738AD6A00FD830E /* PostViewController.swift */ = {isa = PBXFileReference; lastKnownFileType = sourcecode.swift; path = PostViewController.swift; sourceTree = "<group>"; };
		1F92ADA32738ADE800FD830E /* APICaller.swift */ = {isa = PBXFileReference; lastKnownFileType = sourcecode.swift; path = APICaller.swift; sourceTree = "<group>"; };
		1F92ADA52738ADF500FD830E /* StoreManager.swift */ = {isa = PBXFileReference; lastKnownFileType = sourcecode.swift; path = StoreManager.swift; sourceTree = "<group>"; };
		1F92ADA72738B1DE00FD830E /* DatabaseManager.swift */ = {isa = PBXFileReference; lastKnownFileType = sourcecode.swift; path = DatabaseManager.swift; sourceTree = "<group>"; };
		1F92ADA92738B1F300FD830E /* AuthenticationManager.swift */ = {isa = PBXFileReference; lastKnownFileType = sourcecode.swift; path = AuthenticationManager.swift; sourceTree = "<group>"; };
		1F92ADAB2738B21000FD830E /* HapticsManager.swift */ = {isa = PBXFileReference; lastKnownFileType = sourcecode.swift; path = HapticsManager.swift; sourceTree = "<group>"; };
		1F92ADAD2738B64D00FD830E /* GoogleService-Info.plist */ = {isa = PBXFileReference; fileEncoding = 4; lastKnownFileType = text.plist.xml; path = "GoogleService-Info.plist"; sourceTree = "<group>"; };
		2CE16E05E05027ABCF515C6E /* Pods-TikTokCloneTests.debug.xcconfig */ = {isa = PBXFileReference; includeInIndex = 1; lastKnownFileType = text.xcconfig; name = "Pods-TikTokCloneTests.debug.xcconfig"; path = "Target Support Files/Pods-TikTokCloneTests/Pods-TikTokCloneTests.debug.xcconfig"; sourceTree = "<group>"; };
		340542148B2223EDA72CDD74 /* Pods-TikTokCloneTests.release.xcconfig */ = {isa = PBXFileReference; includeInIndex = 1; lastKnownFileType = text.xcconfig; name = "Pods-TikTokCloneTests.release.xcconfig"; path = "Target Support Files/Pods-TikTokCloneTests/Pods-TikTokCloneTests.release.xcconfig"; sourceTree = "<group>"; };
		59D915AFFD3AA65FAAE25254 /* Pods-TikTokClone.release.xcconfig */ = {isa = PBXFileReference; includeInIndex = 1; lastKnownFileType = text.xcconfig; name = "Pods-TikTokClone.release.xcconfig"; path = "Target Support Files/Pods-TikTokClone/Pods-TikTokClone.release.xcconfig"; sourceTree = "<group>"; };
		64FCEFF42449486E8F6C42F9 /* Pods_TikTokClone.framework */ = {isa = PBXFileReference; explicitFileType = wrapper.framework; includeInIndex = 0; path = Pods_TikTokClone.framework; sourceTree = BUILT_PRODUCTS_DIR; };
		72F52E9603925E06C49E851F /* Pods-TikTokClone-TikTokCloneUITests.debug.xcconfig */ = {isa = PBXFileReference; includeInIndex = 1; lastKnownFileType = text.xcconfig; name = "Pods-TikTokClone-TikTokCloneUITests.debug.xcconfig"; path = "Target Support Files/Pods-TikTokClone-TikTokCloneUITests/Pods-TikTokClone-TikTokCloneUITests.debug.xcconfig"; sourceTree = "<group>"; };
		A21E225BA26CDF9781EB7996 /* Pods-TikTokClone-TikTokCloneUITests.release.xcconfig */ = {isa = PBXFileReference; includeInIndex = 1; lastKnownFileType = text.xcconfig; name = "Pods-TikTokClone-TikTokCloneUITests.release.xcconfig"; path = "Target Support Files/Pods-TikTokClone-TikTokCloneUITests/Pods-TikTokClone-TikTokCloneUITests.release.xcconfig"; sourceTree = "<group>"; };
		C1A434544EBBA79396EAA831 /* Pods_TikTokClone_TikTokCloneUITests.framework */ = {isa = PBXFileReference; explicitFileType = wrapper.framework; includeInIndex = 0; path = Pods_TikTokClone_TikTokCloneUITests.framework; sourceTree = BUILT_PRODUCTS_DIR; };
		E3AA71B35953454DAA8F43F7 /* Pods-TikTokClone.debug.xcconfig */ = {isa = PBXFileReference; includeInIndex = 1; lastKnownFileType = text.xcconfig; name = "Pods-TikTokClone.debug.xcconfig"; path = "Target Support Files/Pods-TikTokClone/Pods-TikTokClone.debug.xcconfig"; sourceTree = "<group>"; };
		EC1C5DF55931E5792FC3AA0C /* Pods_TikTokCloneTests.framework */ = {isa = PBXFileReference; explicitFileType = wrapper.framework; includeInIndex = 0; path = Pods_TikTokCloneTests.framework; sourceTree = BUILT_PRODUCTS_DIR; };
/* End PBXFileReference section */

/* Begin PBXFrameworksBuildPhase section */
		1F92AD4E27389F5100FD830E /* Frameworks */ = {
			isa = PBXFrameworksBuildPhase;
			buildActionMask = 2147483647;
			files = (
				8D8D124CAC0CC36B87766C00 /* Pods_TikTokClone.framework in Frameworks */,
			);
			runOnlyForDeploymentPostprocessing = 0;
		};
		1F92AD6427389F5300FD830E /* Frameworks */ = {
			isa = PBXFrameworksBuildPhase;
			buildActionMask = 2147483647;
			files = (
				ADCA92B4647ACD36757C85A3 /* Pods_TikTokCloneTests.framework in Frameworks */,
			);
			runOnlyForDeploymentPostprocessing = 0;
		};
		1F92AD6E27389F5300FD830E /* Frameworks */ = {
			isa = PBXFrameworksBuildPhase;
			buildActionMask = 2147483647;
			files = (
				2D260396FD2F01026B30C1FD /* Pods_TikTokClone_TikTokCloneUITests.framework in Frameworks */,
			);
			runOnlyForDeploymentPostprocessing = 0;
		};
/* End PBXFrameworksBuildPhase section */

/* Begin PBXGroup section */
		1F92AD4827389F5100FD830E = {
			isa = PBXGroup;
			children = (
				1F92AD5327389F5100FD830E /* TikTokClone */,
				1F92AD6A27389F5300FD830E /* TikTokCloneTests */,
				1F92AD7427389F5300FD830E /* TikTokCloneUITests */,
				1F92AD5227389F5100FD830E /* Products */,
				3050A1F28A3ABD91D9D8FFC2 /* Pods */,
				75D17B094E95A58526FA29F6 /* Frameworks */,
			);
			sourceTree = "<group>";
		};
		1F92AD5227389F5100FD830E /* Products */ = {
			isa = PBXGroup;
			children = (
				1F92AD5127389F5100FD830E /* TikTokClone.app */,
				1F92AD6727389F5300FD830E /* TikTokCloneTests.xctest */,
				1F92AD7127389F5300FD830E /* TikTokCloneUITests.xctest */,
			);
			name = Products;
			sourceTree = "<group>";
		};
		1F92AD5327389F5100FD830E /* TikTokClone */ = {
			isa = PBXGroup;
			children = (
				1F92AD892738AB9B00FD830E /* Managers */,
				1F92AD882738AB8800FD830E /* ViewModels */,
				1F92AD872738AB7F00FD830E /* Models */,
				1F92AD862738AB7500FD830E /* Views */,
				1F92AD852738AB6900FD830E /* Controllers */,
				1F92AD842738AB5900FD830E /* Resources */,
				1F92AD6227389F5300FD830E /* Info.plist */,
			);
			path = TikTokClone;
			sourceTree = "<group>";
		};
		1F92AD6A27389F5300FD830E /* TikTokCloneTests */ = {
			isa = PBXGroup;
			children = (
				1F92AD6B27389F5300FD830E /* TikTokCloneTests.swift */,
			);
			path = TikTokCloneTests;
			sourceTree = "<group>";
		};
		1F92AD7427389F5300FD830E /* TikTokCloneUITests */ = {
			isa = PBXGroup;
			children = (
				1F92AD7527389F5300FD830E /* TikTokCloneUITests.swift */,
				1F92AD7727389F5300FD830E /* TikTokCloneUITestsLaunchTests.swift */,
			);
			path = TikTokCloneUITests;
			sourceTree = "<group>";
		};
		1F92AD842738AB5900FD830E /* Resources */ = {
			isa = PBXGroup;
			children = (
				1F92ADAD2738B64D00FD830E /* GoogleService-Info.plist */,
				1F92AD5D27389F5300FD830E /* Assets.xcassets */,
				1F92AD5427389F5100FD830E /* AppDelegate.swift */,
				1F92AD5627389F5100FD830E /* SceneDelegate.swift */,
			);
			path = Resources;
			sourceTree = "<group>";
		};
		1F92AD852738AB6900FD830E /* Controllers */ = {
			isa = PBXGroup;
			children = (
				1F92AD8B2738ABF400FD830E /* Other */,
				1F92AD8A2738ABE500FD830E /* Core */,
			);
			path = Controllers;
			sourceTree = "<group>";
		};
		1F92AD862738AB7500FD830E /* Views */ = {
			isa = PBXGroup;
			children = (
				1F92ADA02738AD4100FD830E /* Other */,
				1F92AD9F2738AD2B00FD830E /* Storyboards */,
			);
			path = Views;
			sourceTree = "<group>";
		};
		1F92AD872738AB7F00FD830E /* Models */ = {
			isa = PBXGroup;
			children = (
			);
			path = Models;
			sourceTree = "<group>";
		};
		1F92AD882738AB8800FD830E /* ViewModels */ = {
			isa = PBXGroup;
			children = (
			);
			path = ViewModels;
			sourceTree = "<group>";
		};
		1F92AD892738AB9B00FD830E /* Managers */ = {
			isa = PBXGroup;
			children = (
				1F92ADA32738ADE800FD830E /* APICaller.swift */,
				1F92ADA52738ADF500FD830E /* StoreManager.swift */,
				1F92ADA72738B1DE00FD830E /* DatabaseManager.swift */,
				1F92ADA92738B1F300FD830E /* AuthenticationManager.swift */,
				1F92ADAB2738B21000FD830E /* HapticsManager.swift */,
			);
			path = Managers;
			sourceTree = "<group>";
		};
		1F92AD8A2738ABE500FD830E /* Core */ = {
			isa = PBXGroup;
			children = (
				1F92AD5827389F5100FD830E /* HomeViewController.swift */,
				1F92AD8D2738AC3B00FD830E /* ExploreViewController.swift */,
				1F92AD8F2738AC4C00FD830E /* CameraViewController.swift */,
				1F92AD912738AC5B00FD830E /* NotificationsViewController.swift */,
				1F92AD932738AC6600FD830E /* ProfileViewController.swift */,
				1F92AD952738AC7D00FD830E /* UserListViewController.swift */,
				1F92AD972738AC9200FD830E /* SignInViewController.swift */,
				1F92AD992738ACA500FD830E /* SignUpViewController.swift */,
				1F92AD9B2738AD0000FD830E /* SettingsViewController.swift */,
				1F92AD9D2738AD1A00FD830E /* TabBarViewController.swift */,
				1F92ADA12738AD6A00FD830E /* PostViewController.swift */,
			);
			path = Core;
			sourceTree = "<group>";
		};
		1F92AD8B2738ABF400FD830E /* Other */ = {
			isa = PBXGroup;
			children = (
			);
			path = Other;
			sourceTree = "<group>";
		};
		1F92AD9F2738AD2B00FD830E /* Storyboards */ = {
			isa = PBXGroup;
			children = (
				1F92AD5F27389F5300FD830E /* LaunchScreen.storyboard */,
			);
			path = Storyboards;
			sourceTree = "<group>";
		};
		1F92ADA02738AD4100FD830E /* Other */ = {
			isa = PBXGroup;
			children = (
			);
			path = Other;
			sourceTree = "<group>";
		};
		3050A1F28A3ABD91D9D8FFC2 /* Pods */ = {
			isa = PBXGroup;
			children = (
				E3AA71B35953454DAA8F43F7 /* Pods-TikTokClone.debug.xcconfig */,
				59D915AFFD3AA65FAAE25254 /* Pods-TikTokClone.release.xcconfig */,
				72F52E9603925E06C49E851F /* Pods-TikTokClone-TikTokCloneUITests.debug.xcconfig */,
				A21E225BA26CDF9781EB7996 /* Pods-TikTokClone-TikTokCloneUITests.release.xcconfig */,
				2CE16E05E05027ABCF515C6E /* Pods-TikTokCloneTests.debug.xcconfig */,
				340542148B2223EDA72CDD74 /* Pods-TikTokCloneTests.release.xcconfig */,
			);
			path = Pods;
			sourceTree = "<group>";
		};
		75D17B094E95A58526FA29F6 /* Frameworks */ = {
			isa = PBXGroup;
			children = (
				64FCEFF42449486E8F6C42F9 /* Pods_TikTokClone.framework */,
				C1A434544EBBA79396EAA831 /* Pods_TikTokClone_TikTokCloneUITests.framework */,
				EC1C5DF55931E5792FC3AA0C /* Pods_TikTokCloneTests.framework */,
			);
			name = Frameworks;
			sourceTree = "<group>";
		};
/* End PBXGroup section */

/* Begin PBXNativeTarget section */
		1F92AD5027389F5100FD830E /* TikTokClone */ = {
			isa = PBXNativeTarget;
			buildConfigurationList = 1F92AD7B27389F5300FD830E /* Build configuration list for PBXNativeTarget "TikTokClone" */;
			buildPhases = (
				E6059B20113FF855E800AC4E /* [CP] Check Pods Manifest.lock */,
				1F92AD4D27389F5100FD830E /* Sources */,
				1F92AD4E27389F5100FD830E /* Frameworks */,
				1F92AD4F27389F5100FD830E /* Resources */,
				F9C7743B17DA47CE681451FC /* [CP] Embed Pods Frameworks */,
				1F92ADAF2738BB0C00FD830E /* ShellScript */,
			);
			buildRules = (
			);
			dependencies = (
			);
			name = TikTokClone;
			productName = TikTokClone;
			productReference = 1F92AD5127389F5100FD830E /* TikTokClone.app */;
			productType = "com.apple.product-type.application";
		};
		1F92AD6627389F5300FD830E /* TikTokCloneTests */ = {
			isa = PBXNativeTarget;
			buildConfigurationList = 1F92AD7E27389F5300FD830E /* Build configuration list for PBXNativeTarget "TikTokCloneTests" */;
			buildPhases = (
				FC4C31A0EA5E5D845D480335 /* [CP] Check Pods Manifest.lock */,
				1F92AD6327389F5300FD830E /* Sources */,
				1F92AD6427389F5300FD830E /* Frameworks */,
				1F92AD6527389F5300FD830E /* Resources */,
			);
			buildRules = (
			);
			dependencies = (
				1F92AD6927389F5300FD830E /* PBXTargetDependency */,
			);
			name = TikTokCloneTests;
			productName = TikTokCloneTests;
			productReference = 1F92AD6727389F5300FD830E /* TikTokCloneTests.xctest */;
			productType = "com.apple.product-type.bundle.unit-test";
		};
		1F92AD7027389F5300FD830E /* TikTokCloneUITests */ = {
			isa = PBXNativeTarget;
			buildConfigurationList = 1F92AD8127389F5300FD830E /* Build configuration list for PBXNativeTarget "TikTokCloneUITests" */;
			buildPhases = (
				1605AE0C2B2124939DDCC8D6 /* [CP] Check Pods Manifest.lock */,
				1F92AD6D27389F5300FD830E /* Sources */,
				1F92AD6E27389F5300FD830E /* Frameworks */,
				1F92AD6F27389F5300FD830E /* Resources */,
				3591F1151A5C7E427221EF5E /* [CP] Embed Pods Frameworks */,
			);
			buildRules = (
			);
			dependencies = (
				1F92AD7327389F5300FD830E /* PBXTargetDependency */,
			);
			name = TikTokCloneUITests;
			productName = TikTokCloneUITests;
			productReference = 1F92AD7127389F5300FD830E /* TikTokCloneUITests.xctest */;
			productType = "com.apple.product-type.bundle.ui-testing";
		};
/* End PBXNativeTarget section */

/* Begin PBXProject section */
		1F92AD4927389F5100FD830E /* Project object */ = {
			isa = PBXProject;
			attributes = {
				BuildIndependentTargetsInParallel = 1;
				LastSwiftUpdateCheck = 1300;
				LastUpgradeCheck = 1300;
				TargetAttributes = {
					1F92AD5027389F5100FD830E = {
						CreatedOnToolsVersion = 13.0;
					};
					1F92AD6627389F5300FD830E = {
						CreatedOnToolsVersion = 13.0;
						TestTargetID = 1F92AD5027389F5100FD830E;
					};
					1F92AD7027389F5300FD830E = {
						CreatedOnToolsVersion = 13.0;
						TestTargetID = 1F92AD5027389F5100FD830E;
					};
				};
			};
			buildConfigurationList = 1F92AD4C27389F5100FD830E /* Build configuration list for PBXProject "TikTokClone" */;
			compatibilityVersion = "Xcode 13.0";
			developmentRegion = en;
			hasScannedForEncodings = 0;
			knownRegions = (
				en,
				Base,
			);
			mainGroup = 1F92AD4827389F5100FD830E;
			productRefGroup = 1F92AD5227389F5100FD830E /* Products */;
			projectDirPath = "";
			projectRoot = "";
			targets = (
				1F92AD5027389F5100FD830E /* TikTokClone */,
				1F92AD6627389F5300FD830E /* TikTokCloneTests */,
				1F92AD7027389F5300FD830E /* TikTokCloneUITests */,
			);
		};
/* End PBXProject section */

/* Begin PBXResourcesBuildPhase section */
		1F92AD4F27389F5100FD830E /* Resources */ = {
			isa = PBXResourcesBuildPhase;
			buildActionMask = 2147483647;
			files = (
				1F92AD6127389F5300FD830E /* LaunchScreen.storyboard in Resources */,
				1F92ADAE2738B64D00FD830E /* GoogleService-Info.plist in Resources */,
				1F92AD5E27389F5300FD830E /* Assets.xcassets in Resources */,
			);
			runOnlyForDeploymentPostprocessing = 0;
		};
		1F92AD6527389F5300FD830E /* Resources */ = {
			isa = PBXResourcesBuildPhase;
			buildActionMask = 2147483647;
			files = (
			);
			runOnlyForDeploymentPostprocessing = 0;
		};
		1F92AD6F27389F5300FD830E /* Resources */ = {
			isa = PBXResourcesBuildPhase;
			buildActionMask = 2147483647;
			files = (
			);
			runOnlyForDeploymentPostprocessing = 0;
		};
/* End PBXResourcesBuildPhase section */

/* Begin PBXShellScriptBuildPhase section */
		1605AE0C2B2124939DDCC8D6 /* [CP] Check Pods Manifest.lock */ = {
			isa = PBXShellScriptBuildPhase;
			buildActionMask = 2147483647;
			files = (
			);
			inputFileListPaths = (
			);
			inputPaths = (
				"${PODS_PODFILE_DIR_PATH}/Podfile.lock",
				"${PODS_ROOT}/Manifest.lock",
			);
			name = "[CP] Check Pods Manifest.lock";
			outputFileListPaths = (
			);
			outputPaths = (
				"$(DERIVED_FILE_DIR)/Pods-TikTokClone-TikTokCloneUITests-checkManifestLockResult.txt",
			);
			runOnlyForDeploymentPostprocessing = 0;
			shellPath = /bin/sh;
			shellScript = "diff \"${PODS_PODFILE_DIR_PATH}/Podfile.lock\" \"${PODS_ROOT}/Manifest.lock\" > /dev/null\nif [ $? != 0 ] ; then\n    # print error to STDERR\n    echo \"error: The sandbox is not in sync with the Podfile.lock. Run 'pod install' or update your CocoaPods installation.\" >&2\n    exit 1\nfi\n# This output is used by Xcode 'outputs' to avoid re-running this script phase.\necho \"SUCCESS\" > \"${SCRIPT_OUTPUT_FILE_0}\"\n";
			showEnvVarsInLog = 0;
		};
		1F92ADAF2738BB0C00FD830E /* ShellScript */ = {
			isa = PBXShellScriptBuildPhase;
			buildActionMask = 2147483647;
			files = (
			);
			inputFileListPaths = (
			);
			inputPaths = (
			);
			outputFileListPaths = (
			);
			outputPaths = (
			);
			runOnlyForDeploymentPostprocessing = 0;
			shellPath = /bin/sh;
			shellScript = "# Type a script or drag a script file from your workspace to insert its path.\n\"${PODS_ROOT}/FirebaseCrashlytics/run\"\n";
		};
		3591F1151A5C7E427221EF5E /* [CP] Embed Pods Frameworks */ = {
			isa = PBXShellScriptBuildPhase;
			buildActionMask = 2147483647;
			files = (
			);
			inputFileListPaths = (
				"${PODS_ROOT}/Target Support Files/Pods-TikTokClone-TikTokCloneUITests/Pods-TikTokClone-TikTokCloneUITests-frameworks-${CONFIGURATION}-input-files.xcfilelist",
			);
			name = "[CP] Embed Pods Frameworks";
			outputFileListPaths = (
				"${PODS_ROOT}/Target Support Files/Pods-TikTokClone-TikTokCloneUITests/Pods-TikTokClone-TikTokCloneUITests-frameworks-${CONFIGURATION}-output-files.xcfilelist",
			);
			runOnlyForDeploymentPostprocessing = 0;
			shellPath = /bin/sh;
			shellScript = "\"${PODS_ROOT}/Target Support Files/Pods-TikTokClone-TikTokCloneUITests/Pods-TikTokClone-TikTokCloneUITests-frameworks.sh\"\n";
			showEnvVarsInLog = 0;
		};
		E6059B20113FF855E800AC4E /* [CP] Check Pods Manifest.lock */ = {
			isa = PBXShellScriptBuildPhase;
			buildActionMask = 2147483647;
			files = (
			);
			inputFileListPaths = (
			);
			inputPaths = (
				"${PODS_PODFILE_DIR_PATH}/Podfile.lock",
				"${PODS_ROOT}/Manifest.lock",
			);
			name = "[CP] Check Pods Manifest.lock";
			outputFileListPaths = (
			);
			outputPaths = (
				"$(DERIVED_FILE_DIR)/Pods-TikTokClone-checkManifestLockResult.txt",
			);
			runOnlyForDeploymentPostprocessing = 0;
			shellPath = /bin/sh;
			shellScript = "diff \"${PODS_PODFILE_DIR_PATH}/Podfile.lock\" \"${PODS_ROOT}/Manifest.lock\" > /dev/null\nif [ $? != 0 ] ; then\n    # print error to STDERR\n    echo \"error: The sandbox is not in sync with the Podfile.lock. Run 'pod install' or update your CocoaPods installation.\" >&2\n    exit 1\nfi\n# This output is used by Xcode 'outputs' to avoid re-running this script phase.\necho \"SUCCESS\" > \"${SCRIPT_OUTPUT_FILE_0}\"\n";
			showEnvVarsInLog = 0;
		};
		F9C7743B17DA47CE681451FC /* [CP] Embed Pods Frameworks */ = {
			isa = PBXShellScriptBuildPhase;
			buildActionMask = 2147483647;
			files = (
			);
			inputFileListPaths = (
				"${PODS_ROOT}/Target Support Files/Pods-TikTokClone/Pods-TikTokClone-frameworks-${CONFIGURATION}-input-files.xcfilelist",
			);
			name = "[CP] Embed Pods Frameworks";
			outputFileListPaths = (
				"${PODS_ROOT}/Target Support Files/Pods-TikTokClone/Pods-TikTokClone-frameworks-${CONFIGURATION}-output-files.xcfilelist",
			);
			runOnlyForDeploymentPostprocessing = 0;
			shellPath = /bin/sh;
			shellScript = "\"${PODS_ROOT}/Target Support Files/Pods-TikTokClone/Pods-TikTokClone-frameworks.sh\"\n";
			showEnvVarsInLog = 0;
		};
		FC4C31A0EA5E5D845D480335 /* [CP] Check Pods Manifest.lock */ = {
			isa = PBXShellScriptBuildPhase;
			buildActionMask = 2147483647;
			files = (
			);
			inputFileListPaths = (
			);
			inputPaths = (
				"${PODS_PODFILE_DIR_PATH}/Podfile.lock",
				"${PODS_ROOT}/Manifest.lock",
			);
			name = "[CP] Check Pods Manifest.lock";
			outputFileListPaths = (
			);
			outputPaths = (
				"$(DERIVED_FILE_DIR)/Pods-TikTokCloneTests-checkManifestLockResult.txt",
			);
			runOnlyForDeploymentPostprocessing = 0;
			shellPath = /bin/sh;
			shellScript = "diff \"${PODS_PODFILE_DIR_PATH}/Podfile.lock\" \"${PODS_ROOT}/Manifest.lock\" > /dev/null\nif [ $? != 0 ] ; then\n    # print error to STDERR\n    echo \"error: The sandbox is not in sync with the Podfile.lock. Run 'pod install' or update your CocoaPods installation.\" >&2\n    exit 1\nfi\n# This output is used by Xcode 'outputs' to avoid re-running this script phase.\necho \"SUCCESS\" > \"${SCRIPT_OUTPUT_FILE_0}\"\n";
			showEnvVarsInLog = 0;
		};
/* End PBXShellScriptBuildPhase section */

/* Begin PBXSourcesBuildPhase section */
		1F92AD4D27389F5100FD830E /* Sources */ = {
			isa = PBXSourcesBuildPhase;
			buildActionMask = 2147483647;
			files = (
				1F92ADAC2738B21000FD830E /* HapticsManager.swift in Sources */,
				1F92ADA82738B1DE00FD830E /* DatabaseManager.swift in Sources */,
				1F92AD8E2738AC3B00FD830E /* ExploreViewController.swift in Sources */,
				1F92AD962738AC7D00FD830E /* UserListViewController.swift in Sources */,
				1F92AD9C2738AD0000FD830E /* SettingsViewController.swift in Sources */,
				1F92ADA42738ADE800FD830E /* APICaller.swift in Sources */,
				1F92ADA22738AD6A00FD830E /* PostViewController.swift in Sources */,
				1F92AD902738AC4C00FD830E /* CameraViewController.swift in Sources */,
				1F92AD9E2738AD1A00FD830E /* TabBarViewController.swift in Sources */,
				1F92AD5927389F5100FD830E /* HomeViewController.swift in Sources */,
				1F92AD9A2738ACA500FD830E /* SignUpViewController.swift in Sources */,
				1F92ADAA2738B1F300FD830E /* AuthenticationManager.swift in Sources */,
				1F92AD922738AC5B00FD830E /* NotificationsViewController.swift in Sources */,
				1F92AD982738AC9200FD830E /* SignInViewController.swift in Sources */,
				1F92AD942738AC6600FD830E /* ProfileViewController.swift in Sources */,
				1F92ADA62738ADF500FD830E /* StoreManager.swift in Sources */,
				1F92AD5527389F5100FD830E /* AppDelegate.swift in Sources */,
				1F92AD5727389F5100FD830E /* SceneDelegate.swift in Sources */,
			);
			runOnlyForDeploymentPostprocessing = 0;
		};
		1F92AD6327389F5300FD830E /* Sources */ = {
			isa = PBXSourcesBuildPhase;
			buildActionMask = 2147483647;
			files = (
				1F92AD6C27389F5300FD830E /* TikTokCloneTests.swift in Sources */,
			);
			runOnlyForDeploymentPostprocessing = 0;
		};
		1F92AD6D27389F5300FD830E /* Sources */ = {
			isa = PBXSourcesBuildPhase;
			buildActionMask = 2147483647;
			files = (
				1F92AD7827389F5300FD830E /* TikTokCloneUITestsLaunchTests.swift in Sources */,
				1F92AD7627389F5300FD830E /* TikTokCloneUITests.swift in Sources */,
			);
			runOnlyForDeploymentPostprocessing = 0;
		};
/* End PBXSourcesBuildPhase section */

/* Begin PBXTargetDependency section */
		1F92AD6927389F5300FD830E /* PBXTargetDependency */ = {
			isa = PBXTargetDependency;
			target = 1F92AD5027389F5100FD830E /* TikTokClone */;
			targetProxy = 1F92AD6827389F5300FD830E /* PBXContainerItemProxy */;
		};
		1F92AD7327389F5300FD830E /* PBXTargetDependency */ = {
			isa = PBXTargetDependency;
			target = 1F92AD5027389F5100FD830E /* TikTokClone */;
			targetProxy = 1F92AD7227389F5300FD830E /* PBXContainerItemProxy */;
		};
/* End PBXTargetDependency section */

/* Begin PBXVariantGroup section */
		1F92AD5F27389F5300FD830E /* LaunchScreen.storyboard */ = {
			isa = PBXVariantGroup;
			children = (
				1F92AD6027389F5300FD830E /* Base */,
			);
			name = LaunchScreen.storyboard;
			sourceTree = "<group>";
		};
/* End PBXVariantGroup section */

/* Begin XCBuildConfiguration section */
		1F92AD7927389F5300FD830E /* Debug */ = {
			isa = XCBuildConfiguration;
			buildSettings = {
				ALWAYS_SEARCH_USER_PATHS = NO;
				CLANG_ANALYZER_NONNULL = YES;
				CLANG_ANALYZER_NUMBER_OBJECT_CONVERSION = YES_AGGRESSIVE;
				CLANG_CXX_LANGUAGE_STANDARD = "gnu++17";
				CLANG_CXX_LIBRARY = "libc++";
				CLANG_ENABLE_MODULES = YES;
				CLANG_ENABLE_OBJC_ARC = YES;
				CLANG_ENABLE_OBJC_WEAK = YES;
				CLANG_WARN_BLOCK_CAPTURE_AUTORELEASING = YES;
				CLANG_WARN_BOOL_CONVERSION = YES;
				CLANG_WARN_COMMA = YES;
				CLANG_WARN_CONSTANT_CONVERSION = YES;
				CLANG_WARN_DEPRECATED_OBJC_IMPLEMENTATIONS = YES;
				CLANG_WARN_DIRECT_OBJC_ISA_USAGE = YES_ERROR;
				CLANG_WARN_DOCUMENTATION_COMMENTS = YES;
				CLANG_WARN_EMPTY_BODY = YES;
				CLANG_WARN_ENUM_CONVERSION = YES;
				CLANG_WARN_INFINITE_RECURSION = YES;
				CLANG_WARN_INT_CONVERSION = YES;
				CLANG_WARN_NON_LITERAL_NULL_CONVERSION = YES;
				CLANG_WARN_OBJC_IMPLICIT_RETAIN_SELF = YES;
				CLANG_WARN_OBJC_LITERAL_CONVERSION = YES;
				CLANG_WARN_OBJC_ROOT_CLASS = YES_ERROR;
				CLANG_WARN_QUOTED_INCLUDE_IN_FRAMEWORK_HEADER = YES;
				CLANG_WARN_RANGE_LOOP_ANALYSIS = YES;
				CLANG_WARN_STRICT_PROTOTYPES = YES;
				CLANG_WARN_SUSPICIOUS_MOVE = YES;
				CLANG_WARN_UNGUARDED_AVAILABILITY = YES_AGGRESSIVE;
				CLANG_WARN_UNREACHABLE_CODE = YES;
				CLANG_WARN__DUPLICATE_METHOD_MATCH = YES;
				COPY_PHASE_STRIP = NO;
				DEBUG_INFORMATION_FORMAT = dwarf;
				ENABLE_STRICT_OBJC_MSGSEND = YES;
				ENABLE_TESTABILITY = YES;
				GCC_C_LANGUAGE_STANDARD = gnu11;
				GCC_DYNAMIC_NO_PIC = NO;
				GCC_NO_COMMON_BLOCKS = YES;
				GCC_OPTIMIZATION_LEVEL = 0;
				GCC_PREPROCESSOR_DEFINITIONS = (
					"DEBUG=1",
					"$(inherited)",
				);
				GCC_WARN_64_TO_32_BIT_CONVERSION = YES;
				GCC_WARN_ABOUT_RETURN_TYPE = YES_ERROR;
				GCC_WARN_UNDECLARED_SELECTOR = YES;
				GCC_WARN_UNINITIALIZED_AUTOS = YES_AGGRESSIVE;
				GCC_WARN_UNUSED_FUNCTION = YES;
				GCC_WARN_UNUSED_VARIABLE = YES;
				IPHONEOS_DEPLOYMENT_TARGET = 15.0;
				MTL_ENABLE_DEBUG_INFO = INCLUDE_SOURCE;
				MTL_FAST_MATH = YES;
				ONLY_ACTIVE_ARCH = YES;
				SDKROOT = iphoneos;
				SWIFT_ACTIVE_COMPILATION_CONDITIONS = DEBUG;
				SWIFT_OPTIMIZATION_LEVEL = "-Onone";
			};
			name = Debug;
		};
		1F92AD7A27389F5300FD830E /* Release */ = {
			isa = XCBuildConfiguration;
			buildSettings = {
				ALWAYS_SEARCH_USER_PATHS = NO;
				CLANG_ANALYZER_NONNULL = YES;
				CLANG_ANALYZER_NUMBER_OBJECT_CONVERSION = YES_AGGRESSIVE;
				CLANG_CXX_LANGUAGE_STANDARD = "gnu++17";
				CLANG_CXX_LIBRARY = "libc++";
				CLANG_ENABLE_MODULES = YES;
				CLANG_ENABLE_OBJC_ARC = YES;
				CLANG_ENABLE_OBJC_WEAK = YES;
				CLANG_WARN_BLOCK_CAPTURE_AUTORELEASING = YES;
				CLANG_WARN_BOOL_CONVERSION = YES;
				CLANG_WARN_COMMA = YES;
				CLANG_WARN_CONSTANT_CONVERSION = YES;
				CLANG_WARN_DEPRECATED_OBJC_IMPLEMENTATIONS = YES;
				CLANG_WARN_DIRECT_OBJC_ISA_USAGE = YES_ERROR;
				CLANG_WARN_DOCUMENTATION_COMMENTS = YES;
				CLANG_WARN_EMPTY_BODY = YES;
				CLANG_WARN_ENUM_CONVERSION = YES;
				CLANG_WARN_INFINITE_RECURSION = YES;
				CLANG_WARN_INT_CONVERSION = YES;
				CLANG_WARN_NON_LITERAL_NULL_CONVERSION = YES;
				CLANG_WARN_OBJC_IMPLICIT_RETAIN_SELF = YES;
				CLANG_WARN_OBJC_LITERAL_CONVERSION = YES;
				CLANG_WARN_OBJC_ROOT_CLASS = YES_ERROR;
				CLANG_WARN_QUOTED_INCLUDE_IN_FRAMEWORK_HEADER = YES;
				CLANG_WARN_RANGE_LOOP_ANALYSIS = YES;
				CLANG_WARN_STRICT_PROTOTYPES = YES;
				CLANG_WARN_SUSPICIOUS_MOVE = YES;
				CLANG_WARN_UNGUARDED_AVAILABILITY = YES_AGGRESSIVE;
				CLANG_WARN_UNREACHABLE_CODE = YES;
				CLANG_WARN__DUPLICATE_METHOD_MATCH = YES;
				COPY_PHASE_STRIP = NO;
				DEBUG_INFORMATION_FORMAT = "dwarf-with-dsym";
				ENABLE_NS_ASSERTIONS = NO;
				ENABLE_STRICT_OBJC_MSGSEND = YES;
				GCC_C_LANGUAGE_STANDARD = gnu11;
				GCC_NO_COMMON_BLOCKS = YES;
				GCC_WARN_64_TO_32_BIT_CONVERSION = YES;
				GCC_WARN_ABOUT_RETURN_TYPE = YES_ERROR;
				GCC_WARN_UNDECLARED_SELECTOR = YES;
				GCC_WARN_UNINITIALIZED_AUTOS = YES_AGGRESSIVE;
				GCC_WARN_UNUSED_FUNCTION = YES;
				GCC_WARN_UNUSED_VARIABLE = YES;
				IPHONEOS_DEPLOYMENT_TARGET = 15.0;
				MTL_ENABLE_DEBUG_INFO = NO;
				MTL_FAST_MATH = YES;
				SDKROOT = iphoneos;
				SWIFT_COMPILATION_MODE = wholemodule;
				SWIFT_OPTIMIZATION_LEVEL = "-O";
				VALIDATE_PRODUCT = YES;
			};
			name = Release;
		};
		1F92AD7C27389F5300FD830E /* Debug */ = {
			isa = XCBuildConfiguration;
			baseConfigurationReference = E3AA71B35953454DAA8F43F7 /* Pods-TikTokClone.debug.xcconfig */;
			buildSettings = {
				ASSETCATALOG_COMPILER_APPICON_NAME = AppIcon;
				ASSETCATALOG_COMPILER_GLOBAL_ACCENT_COLOR_NAME = AccentColor;
				CODE_SIGN_STYLE = Automatic;
				CURRENT_PROJECT_VERSION = 1;
				DEVELOPMENT_TEAM = SNTB2L8C6Q;
				GENERATE_INFOPLIST_FILE = YES;
				INFOPLIST_FILE = TikTokClone/Info.plist;
				INFOPLIST_KEY_CFBundleDisplayName = TikTok;
				INFOPLIST_KEY_UIApplicationSupportsIndirectInputEvents = YES;
				INFOPLIST_KEY_UILaunchStoryboardName = LaunchScreen;
				INFOPLIST_KEY_UISupportedInterfaceOrientations = UIInterfaceOrientationPortrait;
				INFOPLIST_KEY_UISupportedInterfaceOrientations_iPad = "UIInterfaceOrientationPortrait UIInterfaceOrientationPortraitUpsideDown UIInterfaceOrientationLandscapeLeft UIInterfaceOrientationLandscapeRight";
				INFOPLIST_KEY_UISupportedInterfaceOrientations_iPhone = "UIInterfaceOrientationPortrait UIInterfaceOrientationLandscapeLeft UIInterfaceOrientationLandscapeRight";
				IPHONEOS_DEPLOYMENT_TARGET = 13.0;
				LD_RUNPATH_SEARCH_PATHS = (
					"$(inherited)",
					"@executable_path/Frameworks",
				);
				MARKETING_VERSION = 1.0;
				PRODUCT_BUNDLE_IDENTIFIER = com.hcdev.TikTokClone;
				PRODUCT_NAME = "$(TARGET_NAME)";
				SWIFT_EMIT_LOC_STRINGS = YES;
				SWIFT_VERSION = 5.0;
				TARGETED_DEVICE_FAMILY = 1;
			};
			name = Debug;
		};
		1F92AD7D27389F5300FD830E /* Release */ = {
			isa = XCBuildConfiguration;
			baseConfigurationReference = 59D915AFFD3AA65FAAE25254 /* Pods-TikTokClone.release.xcconfig */;
			buildSettings = {
				ASSETCATALOG_COMPILER_APPICON_NAME = AppIcon;
				ASSETCATALOG_COMPILER_GLOBAL_ACCENT_COLOR_NAME = AccentColor;
				CODE_SIGN_STYLE = Automatic;
				CURRENT_PROJECT_VERSION = 1;
				DEVELOPMENT_TEAM = SNTB2L8C6Q;
				GENERATE_INFOPLIST_FILE = YES;
				INFOPLIST_FILE = TikTokClone/Info.plist;
				INFOPLIST_KEY_CFBundleDisplayName = TikTok;
				INFOPLIST_KEY_UIApplicationSupportsIndirectInputEvents = YES;
				INFOPLIST_KEY_UILaunchStoryboardName = LaunchScreen;
				INFOPLIST_KEY_UISupportedInterfaceOrientations = UIInterfaceOrientationPortrait;
				INFOPLIST_KEY_UISupportedInterfaceOrientations_iPad = "UIInterfaceOrientationPortrait UIInterfaceOrientationPortraitUpsideDown UIInterfaceOrientationLandscapeLeft UIInterfaceOrientationLandscapeRight";
				INFOPLIST_KEY_UISupportedInterfaceOrientations_iPhone = "UIInterfaceOrientationPortrait UIInterfaceOrientationLandscapeLeft UIInterfaceOrientationLandscapeRight";
				IPHONEOS_DEPLOYMENT_TARGET = 13.0;
				LD_RUNPATH_SEARCH_PATHS = (
					"$(inherited)",
					"@executable_path/Frameworks",
				);
				MARKETING_VERSION = 1.0;
				PRODUCT_BUNDLE_IDENTIFIER = com.hcdev.TikTokClone;
				PRODUCT_NAME = "$(TARGET_NAME)";
				SWIFT_EMIT_LOC_STRINGS = YES;
				SWIFT_VERSION = 5.0;
				TARGETED_DEVICE_FAMILY = 1;
			};
			name = Release;
		};
		1F92AD7F27389F5300FD830E /* Debug */ = {
			isa = XCBuildConfiguration;
			baseConfigurationReference = 2CE16E05E05027ABCF515C6E /* Pods-TikTokCloneTests.debug.xcconfig */;
			buildSettings = {
				ALWAYS_EMBED_SWIFT_STANDARD_LIBRARIES = YES;
				BUNDLE_LOADER = "$(TEST_HOST)";
				CODE_SIGN_STYLE = Automatic;
				CURRENT_PROJECT_VERSION = 1;
				DEVELOPMENT_TEAM = SNTB2L8C6Q;
				GENERATE_INFOPLIST_FILE = YES;
				IPHONEOS_DEPLOYMENT_TARGET = 15.0;
				LD_RUNPATH_SEARCH_PATHS = (
					"$(inherited)",
					"@executable_path/Frameworks",
					"@loader_path/Frameworks",
				);
				MARKETING_VERSION = 1.0;
				PRODUCT_BUNDLE_IDENTIFIER = com.hcdev.TikTokCloneTests;
				PRODUCT_NAME = "$(TARGET_NAME)";
				SWIFT_EMIT_LOC_STRINGS = NO;
				SWIFT_VERSION = 5.0;
				TARGETED_DEVICE_FAMILY = "1,2";
				TEST_HOST = "$(BUILT_PRODUCTS_DIR)/TikTokClone.app/TikTokClone";
			};
			name = Debug;
		};
		1F92AD8027389F5300FD830E /* Release */ = {
			isa = XCBuildConfiguration;
			baseConfigurationReference = 340542148B2223EDA72CDD74 /* Pods-TikTokCloneTests.release.xcconfig */;
			buildSettings = {
				ALWAYS_EMBED_SWIFT_STANDARD_LIBRARIES = YES;
				BUNDLE_LOADER = "$(TEST_HOST)";
				CODE_SIGN_STYLE = Automatic;
				CURRENT_PROJECT_VERSION = 1;
				DEVELOPMENT_TEAM = SNTB2L8C6Q;
				GENERATE_INFOPLIST_FILE = YES;
				IPHONEOS_DEPLOYMENT_TARGET = 15.0;
				LD_RUNPATH_SEARCH_PATHS = (
					"$(inherited)",
					"@executable_path/Frameworks",
					"@loader_path/Frameworks",
				);
				MARKETING_VERSION = 1.0;
				PRODUCT_BUNDLE_IDENTIFIER = com.hcdev.TikTokCloneTests;
				PRODUCT_NAME = "$(TARGET_NAME)";
				SWIFT_EMIT_LOC_STRINGS = NO;
				SWIFT_VERSION = 5.0;
				TARGETED_DEVICE_FAMILY = "1,2";
				TEST_HOST = "$(BUILT_PRODUCTS_DIR)/TikTokClone.app/TikTokClone";
			};
			name = Release;
		};
		1F92AD8227389F5300FD830E /* Debug */ = {
			isa = XCBuildConfiguration;
			baseConfigurationReference = 72F52E9603925E06C49E851F /* Pods-TikTokClone-TikTokCloneUITests.debug.xcconfig */;
			buildSettings = {
				ALWAYS_EMBED_SWIFT_STANDARD_LIBRARIES = YES;
				CODE_SIGN_STYLE = Automatic;
				CURRENT_PROJECT_VERSION = 1;
				DEVELOPMENT_TEAM = SNTB2L8C6Q;
				GENERATE_INFOPLIST_FILE = YES;
				LD_RUNPATH_SEARCH_PATHS = (
					"$(inherited)",
					"@executable_path/Frameworks",
					"@loader_path/Frameworks",
				);
				MARKETING_VERSION = 1.0;
				PRODUCT_BUNDLE_IDENTIFIER = com.hcdev.TikTokCloneUITests;
				PRODUCT_NAME = "$(TARGET_NAME)";
				SWIFT_EMIT_LOC_STRINGS = NO;
				SWIFT_VERSION = 5.0;
				TARGETED_DEVICE_FAMILY = "1,2";
				TEST_TARGET_NAME = TikTokClone;
			};
			name = Debug;
		};
		1F92AD8327389F5300FD830E /* Release */ = {
			isa = XCBuildConfiguration;
			baseConfigurationReference = A21E225BA26CDF9781EB7996 /* Pods-TikTokClone-TikTokCloneUITests.release.xcconfig */;
			buildSettings = {
				ALWAYS_EMBED_SWIFT_STANDARD_LIBRARIES = YES;
				CODE_SIGN_STYLE = Automatic;
				CURRENT_PROJECT_VERSION = 1;
				DEVELOPMENT_TEAM = SNTB2L8C6Q;
				GENERATE_INFOPLIST_FILE = YES;
				LD_RUNPATH_SEARCH_PATHS = (
					"$(inherited)",
					"@executable_path/Frameworks",
					"@loader_path/Frameworks",
				);
				MARKETING_VERSION = 1.0;
				PRODUCT_BUNDLE_IDENTIFIER = com.hcdev.TikTokCloneUITests;
				PRODUCT_NAME = "$(TARGET_NAME)";
				SWIFT_EMIT_LOC_STRINGS = NO;
				SWIFT_VERSION = 5.0;
				TARGETED_DEVICE_FAMILY = "1,2";
				TEST_TARGET_NAME = TikTokClone;
			};
			name = Release;
		};
/* End XCBuildConfiguration section */

/* Begin XCConfigurationList section */
		1F92AD4C27389F5100FD830E /* Build configuration list for PBXProject "TikTokClone" */ = {
			isa = XCConfigurationList;
			buildConfigurations = (
				1F92AD7927389F5300FD830E /* Debug */,
				1F92AD7A27389F5300FD830E /* Release */,
			);
			defaultConfigurationIsVisible = 0;
			defaultConfigurationName = Release;
		};
		1F92AD7B27389F5300FD830E /* Build configuration list for PBXNativeTarget "TikTokClone" */ = {
			isa = XCConfigurationList;
			buildConfigurations = (
				1F92AD7C27389F5300FD830E /* Debug */,
				1F92AD7D27389F5300FD830E /* Release */,
			);
			defaultConfigurationIsVisible = 0;
			defaultConfigurationName = Release;
		};
		1F92AD7E27389F5300FD830E /* Build configuration list for PBXNativeTarget "TikTokCloneTests" */ = {
			isa = XCConfigurationList;
			buildConfigurations = (
				1F92AD7F27389F5300FD830E /* Debug */,
				1F92AD8027389F5300FD830E /* Release */,
			);
			defaultConfigurationIsVisible = 0;
			defaultConfigurationName = Release;
		};
		1F92AD8127389F5300FD830E /* Build configuration list for PBXNativeTarget "TikTokCloneUITests" */ = {
			isa = XCConfigurationList;
			buildConfigurations = (
				1F92AD8227389F5300FD830E /* Debug */,
				1F92AD8327389F5300FD830E /* Release */,
			);
			defaultConfigurationIsVisible = 0;
			defaultConfigurationName = Release;
		};
/* End XCConfigurationList section */
	};
	rootObject = 1F92AD4927389F5100FD830E /* Project object */;
}
